
Microsoft Visual Studio Solution File, Format Version 12.00
# Visual Studio Version 17
VisualStudioVersion = 17.14.36401.2 d17.14
MinimumVisualStudioVersion = 10.0.40219.1
Project("{FAE04EC0-301F-11D3-BF4B-00C04F79EFBC}") = "MachineActivityLogger", "MachineActivityLogger.csproj", "{345C15A2-721C-4508-AE3C-EBC558F23593}"
EndProject
Global
	GlobalSection(SolutionConfigurationPlatforms) = preSolution
		Debug|Any CPU = Debug|Any CPU
		Release|Any CPU = Release|Any CPU
	EndGlobalSection
	GlobalSection(ProjectConfigurationPlatforms) = postSolution
		{345C15A2-721C-4508-AE3C-EBC558F23593}.Debug|Any CPU.ActiveCfg = Debug|Any CPU
		{345C15A2-721C-4508-AE3C-EBC558F23593}.Debug|Any CPU.Build.0 = Debug|Any CPU
		{345C15A2-721C-4508-AE3C-EBC558F23593}.Release|Any CPU.ActiveCfg = Release|Any CPU
		{345C15A2-721C-4508-AE3C-EBC558F23593}.Release|Any CPU.Build.0 = Release|Any CPU
	EndGlobalSection
	GlobalSection(SolutionProperties) = preSolution
		HideSolutionNode = FALSE
	EndGlobalSection
	GlobalSection(ExtensibilityGlobals) = postSolution
		SolutionGuid = {8F85DA88-04E2-422B-B051-2DAD61573A3B}
	EndGlobalSection
EndGlobal
